{
  "name": "cloud_flare_workers",
  "lockfileVersion": 2,
  "requires": true,
  "packages": {
    "": {
      "dependencies": {
        "@types/jsonwebtoken": "^9.0.3"
      }
    },
    "node_modules/@types/jsonwebtoken": {
      "version": "9.0.3",
      "resolved": "https://registry.npmjs.org/@types/jsonwebtoken/-/jsonwebtoken-9.0.3.tgz",
      "integrity": "sha512-b0jGiOgHtZ2jqdPgPnP6WLCXZk1T8p06A/vPGzUvxpFGgKMbjXJDjC5m52ErqBnIuWZFgGoIJyRdeG5AyreJjA==",
      "dependencies": {
        "@types/node": "*"
      }
    },
    "node_modules/@types/node": {
      "version": "20.8.3",
      "resolved": "https://registry.npmjs.org/@types/node/-/node-20.8.3.tgz",
      "integrity": "sha512-jxiZQFpb+NlH5kjW49vXxvxTjeeqlbsnTAdBTKpzEdPs9itay7MscYXz3Fo9VYFEsfQ6LJFitHad3faerLAjCw=="
    }
  },
  "dependencies": {
    "@types/jsonwebtoken": {
      "version": "9.0.3",
      "resolved": "https://registry.npmjs.org/@types/jsonwebtoken/-/jsonwebtoken-9.0.3.tgz",
      "integrity": "sha512-b0jGiOgHtZ2jqdPgPnP6WLCXZk1T8p06A/vPGzUvxpFGgKMbjXJDjC5m52ErqBnIuWZFgGoIJyRdeG5AyreJjA==",
      "requires": {
        "@types/node": "*"
      }
    },
    "@types/node": {
      "version": "20.8.3",
      "resolved": "https://registry.npmjs.org/@types/node/-/node-20.8.3.tgz",
      "integrity": "sha512-jxiZQFpb+NlH5kjW49vXxvxTjeeqlbsnTAdBTKpzEdPs9itay7MscYXz3Fo9VYFEsfQ6LJFitHad3faerLAjCw=="
    }
  }
}
